# THIS IS AN AUTOGENERATED FILE. DO NOT EDIT THIS FILE DIRECTLY.
# yarn lockfile v1


hono@^3.5.4:
  version "3.5.4"
  resolved "https://registry.yarnpkg.com/hono/-/hono-3.5.4.tgz#66057d4c1ee127faafa087168af6d569ab25f5e7"
  integrity sha512-GrRBIJhZ+tG+8RtoyPQjvqPGwppERmayyTiPKano4egmpkJf1XiptESUYK5vKHICNaJksAKB9jzy1CmOdQENPA==

itty-durable@^2.1.0:
  version "2.1.0"
  resolved "https://registry.yarnpkg.com/itty-durable/-/itty-durable-2.1.0.tgz#a98aa85e09eaa1fa3c38fc6c71bbfd48edeecee9"
  integrity sha512-iOfuUcMCMVfTS+qqd0miRw9caH+DuonwALoBGlfjqT6ed6yyskI2sWX6gAtDQsaueCRl3BdYRVpvlVNsuNsiNw==

itty-fetcher@^0.8.1:
  version "0.8.1"
  resolved "https://registry.yarnpkg.com/itty-fetcher/-/itty-fetcher-0.8.1.tgz#b73b6c529a520e30aca52c04a0c1ee202255cad2"
  integrity sha512-ZR5L+Af1nqdg3UI3js/0BlXqvyxY0cANVZmQH1coBBJFt4GWWayfkVQCYja6t1+brtjC3eUCiYuPutptf3WP3g==

itty-router@^4.0.22:
  version "4.0.22"
  resolved "https://registry.yarnpkg.com/itty-router/-/itty-router-4.0.22.tgz#2a5ba61f6b1df261d8321e8d218edcb0b59a0001"
  integrity sha512-FWK13vcITqld32NaOh+k2unRrR4qBZdzA9O1ctpqT1Q4lxKrHbtgaX1lLTv2VyXj3/8Waqk/NlDGNfxypJ8GKA==
